{
  "pins" : [
    {
      "identity" : "partialsheet",
      "kind" : "remoteSourceControl",
      "location" : "https://github.com/AndreaMiotto/PartialSheet",
      "state" : {
        "branch" : "master",
        "revision" : "470569c1ae4e49e9dd8e0d0aa3e3422609d62b3d"
      }
    }
  ],
  "version" : 2
}
